// !$*UTF8*$!
{
	archiveVersion = 1;
	classes = {
	};
	objectVersion = 48;
	objects = {

/* Begin PBXBuildFile section */
		E5E59C311FD8F9C400647A01 /* AppDelegate.swift in Sources */ = {isa = PBXBuildFile; fileRef = E5E59C301FD8F9C400647A01 /* AppDelegate.swift */; };
		E5E59C331FD8F9C400647A01 /* CategoriesVC.swift in Sources */ = {isa = PBXBuildFile; fileRef = E5E59C321FD8F9C400647A01 /* CategoriesVC.swift */; };
		E5E59C361FD8F9C400647A01 /* Main.storyboard in Resources */ = {isa = PBXBuildFile; fileRef = E5E59C341FD8F9C400647A01 /* Main.storyboard */; };
		E5E59C381FD8F9C400647A01 /* Assets.xcassets in Resources */ = {isa = PBXBuildFile; fileRef = E5E59C371FD8F9C400647A01 /* Assets.xcassets */; };
		E5E59C3B1FD8F9C400647A01 /* LaunchScreen.storyboard in Resources */ = {isa = PBXBuildFile; fileRef = E5E59C391FD8F9C400647A01 /* LaunchScreen.storyboard */; };
		E5E59C461FD8FD3A00647A01 /* CategoryCell.swift in Sources */ = {isa = PBXBuildFile; fileRef = E5E59C451FD8FD3A00647A01 /* CategoryCell.swift */; };
		E5E59C481FD8FEB200647A01 /* Category.swift in Sources */ = {isa = PBXBuildFile; fileRef = E5E59C471FD8FEB200647A01 /* Category.swift */; };
		E5E59C4B1FD8FFE400647A01 /* DataService.swift in Sources */ = {isa = PBXBuildFile; fileRef = E5E59C4A1FD8FFE400647A01 /* DataService.swift */; };
		E5E59C4D1FD9095500647A01 /* ProductCell.swift in Sources */ = {isa = PBXBuildFile; fileRef = E5E59C4C1FD9095500647A01 /* ProductCell.swift */; };
		E5E59C4F1FD90B8700647A01 /* Product.swift in Sources */ = {isa = PBXBuildFile; fileRef = E5E59C4E1FD90B8700647A01 /* Product.swift */; };
		E5E59C511FD90FA000647A01 /* ProductsVC.swift in Sources */ = {isa = PBXBuildFile; fileRef = E5E59C501FD90FA000647A01 /* ProductsVC.swift */; };
/* End PBXBuildFile section */

/* Begin PBXFileReference section */
		E5E59C2D1FD8F9C400647A01 /* CoderSwag.app */ = {isa = PBXFileReference; explicitFileType = wrapper.application; includeInIndex = 0; path = CoderSwag.app; sourceTree = BUILT_PRODUCTS_DIR; };
		E5E59C301FD8F9C400647A01 /* AppDelegate.swift */ = {isa = PBXFileReference; lastKnownFileType = sourcecode.swift; path = AppDelegate.swift; sourceTree = "<group>"; };
		E5E59C321FD8F9C400647A01 /* CategoriesVC.swift */ = {isa = PBXFileReference; lastKnownFileType = sourcecode.swift; path = CategoriesVC.swift; sourceTree = "<group>"; };
		E5E59C351FD8F9C400647A01 /* Base */ = {isa = PBXFileReference; lastKnownFileType = file.storyboard; name = Base; path = Base.lproj/Main.storyboard; sourceTree = "<group>"; };
		E5E59C371FD8F9C400647A01 /* Assets.xcassets */ = {isa = PBXFileReference; lastKnownFileType = folder.assetcatalog; path = Assets.xcassets; sourceTree = "<group>"; };
		E5E59C3A1FD8F9C400647A01 /* Base */ = {isa = PBXFileReference; lastKnownFileType = file.storyboard; name = Base; path = Base.lproj/LaunchScreen.storyboard; sourceTree = "<group>"; };
		E5E59C3C1FD8F9C400647A01 /* Info.plist */ = {isa = PBXFileReference; lastKnownFileType = text.plist.xml; path = Info.plist; sourceTree = "<group>"; };
		E5E59C451FD8FD3A00647A01 /* CategoryCell.swift */ = {isa = PBXFileReference; lastKnownFileType = sourcecode.swift; path = CategoryCell.swift; sourceTree = "<group>"; };
		E5E59C471FD8FEB200647A01 /* Category.swift */ = {isa = PBXFileReference; lastKnownFileType = sourcecode.swift; path = Category.swift; sourceTree = "<group>"; };
		E5E59C4A1FD8FFE400647A01 /* DataService.swift */ = {isa = PBXFileReference; lastKnownFileType = sourcecode.swift; path = DataService.swift; sourceTree = "<group>"; };
		E5E59C4C1FD9095500647A01 /* ProductCell.swift */ = {isa = PBXFileReference; lastKnownFileType = sourcecode.swift; path = ProductCell.swift; sourceTree = "<group>"; };
		E5E59C4E1FD90B8700647A01 /* Product.swift */ = {isa = PBXFileReference; lastKnownFileType = sourcecode.swift; path = Product.swift; sourceTree = "<group>"; };
		E5E59C501FD90FA000647A01 /* ProductsVC.swift */ = {isa = PBXFileReference; lastKnownFileType = sourcecode.swift; path = ProductsVC.swift; sourceTree = "<group>"; };
/* End PBXFileReference section */

/* Begin PBXFrameworksBuildPhase section */
		E5E59C2A1FD8F9C400647A01 /* Frameworks */ = {
			isa = PBXFrameworksBuildPhase;
			buildActionMask = 2147483647;
			files = (
			);
			runOnlyForDeploymentPostprocessing = 0;
		};
/* End PBXFrameworksBuildPhase section */

/* Begin PBXGroup section */
		E5E59C241FD8F9C400647A01 = {
			isa = PBXGroup;
			children = (
				E5E59C2F1FD8F9C400647A01 /* CoderSwag */,
				E5E59C2E1FD8F9C400647A01 /* Products */,
			);
			sourceTree = "<group>";
		};
		E5E59C2E1FD8F9C400647A01 /* Products */ = {
			isa = PBXGroup;
			children = (
				E5E59C2D1FD8F9C400647A01 /* CoderSwag.app */,
			);
			name = Products;
			sourceTree = "<group>";
		};
		E5E59C2F1FD8F9C400647A01 /* CoderSwag */ = {
			isa = PBXGroup;
			children = (
				E5E59C491FD8FFD300647A01 /* Services */,
				E5E59C441FD8FCE200647A01 /* View */,
				E5E59C431FD8FCDD00647A01 /* Model */,
				E5E59C421FD8FCD100647A01 /* Controller */,
				E5E59C301FD8F9C400647A01 /* AppDelegate.swift */,
				E5E59C341FD8F9C400647A01 /* Main.storyboard */,
				E5E59C371FD8F9C400647A01 /* Assets.xcassets */,
				E5E59C391FD8F9C400647A01 /* LaunchScreen.storyboard */,
				E5E59C3C1FD8F9C400647A01 /* Info.plist */,
			);
			path = CoderSwag;
			sourceTree = "<group>";
		};
		E5E59C421FD8FCD100647A01 /* Controller */ = {
			isa = PBXGroup;
			children = (
				E5E59C321FD8F9C400647A01 /* CategoriesVC.swift */,
				E5E59C501FD90FA000647A01 /* ProductsVC.swift */,
			);
			path = Controller;
			sourceTree = "<group>";
		};
		E5E59C431FD8FCDD00647A01 /* Model */ = {
			isa = PBXGroup;
			children = (
				E5E59C471FD8FEB200647A01 /* Category.swift */,
				E5E59C4E1FD90B8700647A01 /* Product.swift */,
			);
			path = Model;
			sourceTree = "<group>";
		};
		E5E59C441FD8FCE200647A01 /* View */ = {
			isa = PBXGroup;
			children = (
				E5E59C451FD8FD3A00647A01 /* CategoryCell.swift */,
				E5E59C4C1FD9095500647A01 /* ProductCell.swift */,
			);
			path = View;
			sourceTree = "<group>";
		};
		E5E59C491FD8FFD300647A01 /* Services */ = {
			isa = PBXGroup;
			children = (
				E5E59C4A1FD8FFE400647A01 /* DataService.swift */,
			);
			path = Services;
			sourceTree = "<group>";
		};
/* End PBXGroup section */

/* Begin PBXNativeTarget section */
		E5E59C2C1FD8F9C400647A01 /* CoderSwag */ = {
			isa = PBXNativeTarget;
			buildConfigurationList = E5E59C3F1FD8F9C400647A01 /* Build configuration list for PBXNativeTarget "CoderSwag" */;
			buildPhases = (
				E5E59C291FD8F9C400647A01 /* Sources */,
				E5E59C2A1FD8F9C400647A01 /* Frameworks */,
				E5E59C2B1FD8F9C400647A01 /* Resources */,
			);
			buildRules = (
			);
			dependencies = (
			);
			name = CoderSwag;
			productName = CoderSwag;
			productReference = E5E59C2D1FD8F9C400647A01 /* CoderSwag.app */;
			productType = "com.apple.product-type.application";
		};
/* End PBXNativeTarget section */

/* Begin PBXProject section */
		E5E59C251FD8F9C400647A01 /* Project object */ = {
			isa = PBXProject;
			attributes = {
				LastSwiftUpdateCheck = 0920;
				LastUpgradeCheck = 0920;
				ORGANIZATIONNAME = yyh;
				TargetAttributes = {
					E5E59C2C1FD8F9C400647A01 = {
						CreatedOnToolsVersion = 9.2;
						ProvisioningStyle = Automatic;
					};
				};
			};
			buildConfigurationList = E5E59C281FD8F9C400647A01 /* Build configuration list for PBXProject "CoderSwag" */;
			compatibilityVersion = "Xcode 8.0";
			developmentRegion = en;
			hasScannedForEncodings = 0;
			knownRegions = (
				en,
				Base,
			);
			mainGroup = E5E59C241FD8F9C400647A01;
			productRefGroup = E5E59C2E1FD8F9C400647A01 /* Products */;
			projectDirPath = "";
			projectRoot = "";
			targets = (
				E5E59C2C1FD8F9C400647A01 /* CoderSwag */,
			);
		};
/* End PBXProject section */

/* Begin PBXResourcesBuildPhase section */
		E5E59C2B1FD8F9C400647A01 /* Resources */ = {
			isa = PBXResourcesBuildPhase;
			buildActionMask = 2147483647;
			files = (
				E5E59C3B1FD8F9C400647A01 /* LaunchScreen.storyboard in Resources */,
				E5E59C381FD8F9C400647A01 /* Assets.xcassets in Resources */,
				E5E59C361FD8F9C400647A01 /* Main.storyboard in Resources */,
			);
			runOnlyForDeploymentPostprocessing = 0;
		};
/* End PBXResourcesBuildPhase section */

/* Begin PBXSourcesBuildPhase section */
		E5E59C291FD8F9C400647A01 /* Sources */ = {
			isa = PBXSourcesBuildPhase;
			buildActionMask = 2147483647;
			files = (
				E5E59C511FD90FA000647A01 /* ProductsVC.swift in Sources */,
				E5E59C331FD8F9C400647A01 /* CategoriesVC.swift in Sources */,
				E5E59C311FD8F9C400647A01 /* AppDelegate.swift in Sources */,
				E5E59C461FD8FD3A00647A01 /* CategoryCell.swift in Sources */,
				E5E59C4D1FD9095500647A01 /* ProductCell.swift in Sources */,
				E5E59C481FD8FEB200647A01 /* Category.swift in Sources */,
				E5E59C4B1FD8FFE400647A01 /* DataService.swift in Sources */,
				E5E59C4F1FD90B8700647A01 /* Product.swift in Sources */,
			);
			runOnlyForDeploymentPostprocessing = 0;
		};
/* End PBXSourcesBuildPhase section */

/* Begin PBXVariantGroup section */
		E5E59C341FD8F9C400647A01 /* Main.storyboard */ = {
			isa = PBXVariantGroup;
			children = (
				E5E59C351FD8F9C400647A01 /* Base */,
			);
			name = Main.storyboard;
			sourceTree = "<group>";
		};
		E5E59C391FD8F9C400647A01 /* LaunchScreen.storyboard */ = {
			isa = PBXVariantGroup;
			children = (
				E5E59C3A1FD8F9C400647A01 /* Base */,
			);
			name = LaunchScreen.storyboard;
			sourceTree = "<group>";
		};
/* End PBXVariantGroup section */

/* Begin XCBuildConfiguration section */
		E5E59C3D1FD8F9C400647A01 /* Debug */ = {
			isa = XCBuildConfiguration;
			buildSettings = {
				ALWAYS_SEARCH_USER_PATHS = NO;
				CLANG_ANALYZER_NONNULL = YES;
				CLANG_ANALYZER_NUMBER_OBJECT_CONVERSION = YES_AGGRESSIVE;
				CLANG_CXX_LANGUAGE_STANDARD = "gnu++14";
				CLANG_CXX_LIBRARY = "libc++";
				CLANG_ENABLE_MODULES = YES;
				CLANG_ENABLE_OBJC_ARC = YES;
				CLANG_WARN_BLOCK_CAPTURE_AUTORELEASING = YES;
				CLANG_WARN_BOOL_CONVERSION = YES;
				CLANG_WARN_COMMA = YES;
				CLANG_WARN_CONSTANT_CONVERSION = YES;
				CLANG_WARN_DIRECT_OBJC_ISA_USAGE = YES_ERROR;
				CLANG_WARN_DOCUMENTATION_COMMENTS = YES;
				CLANG_WARN_EMPTY_BODY = YES;
				CLANG_WARN_ENUM_CONVERSION = YES;
				CLANG_WARN_INFINITE_RECURSION = YES;
				CLANG_WARN_INT_CONVERSION = YES;
				CLANG_WARN_NON_LITERAL_NULL_CONVERSION = YES;
				CLANG_WARN_OBJC_LITERAL_CONVERSION = YES;
				CLANG_WARN_OBJC_ROOT_CLASS = YES_ERROR;
				CLANG_WARN_RANGE_LOOP_ANALYSIS = YES;
				CLANG_WARN_STRICT_PROTOTYPES = YES;
				CLANG_WARN_SUSPICIOUS_MOVE = YES;
				CLANG_WARN_UNGUARDED_AVAILABILITY = YES_AGGRESSIVE;
				CLANG_WARN_UNREACHABLE_CODE = YES;
				CLANG_WARN__DUPLICATE_METHOD_MATCH = YES;
				CODE_SIGN_IDENTITY = "iPhone Developer";
				COPY_PHASE_STRIP = NO;
				DEBUG_INFORMATION_FORMAT = dwarf;
				ENABLE_STRICT_OBJC_MSGSEND = YES;
				ENABLE_TESTABILITY = YES;
				GCC_C_LANGUAGE_STANDARD = gnu11;
				GCC_DYNAMIC_NO_PIC = NO;
				GCC_NO_COMMON_BLOCKS = YES;
				GCC_OPTIMIZATION_LEVEL = 0;
				GCC_PREPROCESSOR_DEFINITIONS = (
					"DEBUG=1",
					"$(inherited)",
				);
				GCC_WARN_64_TO_32_BIT_CONVERSION = YES;
				GCC_WARN_ABOUT_RETURN_TYPE = YES_ERROR;
				GCC_WARN_UNDECLARED_SELECTOR = YES;
				GCC_WARN_UNINITIALIZED_AUTOS = YES_AGGRESSIVE;
				GCC_WARN_UNUSED_FUNCTION = YES;
				GCC_WARN_UNUSED_VARIABLE = YES;
				IPHONEOS_DEPLOYMENT_TARGET = 11.2;
				MTL_ENABLE_DEBUG_INFO = YES;
				ONLY_ACTIVE_ARCH = YES;
				SDKROOT = iphoneos;
				SWIFT_ACTIVE_COMPILATION_CONDITIONS = DEBUG;
				SWIFT_OPTIMIZATION_LEVEL = "-Onone";
			};
			name = Debug;
		};
		E5E59C3E1FD8F9C400647A01 /* Release */ = {
			isa = XCBuildConfiguration;
			buildSettings = {
				ALWAYS_SEARCH_USER_PATHS = NO;
				CLANG_ANALYZER_NONNULL = YES;
				CLANG_ANALYZER_NUMBER_OBJECT_CONVERSION = YES_AGGRESSIVE;
				CLANG_CXX_LANGUAGE_STANDARD = "gnu++14";
				CLANG_CXX_LIBRARY = "libc++";
				CLANG_ENABLE_MODULES = YES;
				CLANG_ENABLE_OBJC_ARC = YES;
				CLANG_WARN_BLOCK_CAPTURE_AUTORELEASING = YES;
				CLANG_WARN_BOOL_CONVERSION = YES;
				CLANG_WARN_COMMA = YES;
				CLANG_WARN_CONSTANT_CONVERSION = YES;
				CLANG_WARN_DIRECT_OBJC_ISA_USAGE = YES_ERROR;
				CLANG_WARN_DOCUMENTATION_COMMENTS = YES;
				CLANG_WARN_EMPTY_BODY = YES;
				CLANG_WARN_ENUM_CONVERSION = YES;
				CLANG_WARN_INFINITE_RECURSION = YES;
				CLANG_WARN_INT_CONVERSION = YES;
				CLANG_WARN_NON_LITERAL_NULL_CONVERSION = YES;
				CLANG_WARN_OBJC_LITERAL_CONVERSION = YES;
				CLANG_WARN_OBJC_ROOT_CLASS = YES_ERROR;
				CLANG_WARN_RANGE_LOOP_ANALYSIS = YES;
				CLANG_WARN_STRICT_PROTOTYPES = YES;
				CLANG_WARN_SUSPICIOUS_MOVE = YES;
				CLANG_WARN_UNGUARDED_AVAILABILITY = YES_AGGRESSIVE;
				CLANG_WARN_UNREACHABLE_CODE = YES;
				CLANG_WARN__DUPLICATE_METHOD_MATCH = YES;
				CODE_SIGN_IDENTITY = "iPhone Developer";
				COPY_PHASE_STRIP = NO;
				DEBUG_INFORMATION_FORMAT = "dwarf-with-dsym";
				ENABLE_NS_ASSERTIONS = NO;
				ENABLE_STRICT_OBJC_MSGSEND = YES;
				GCC_C_LANGUAGE_STANDARD = gnu11;
				GCC_NO_COMMON_BLOCKS = YES;
				GCC_WARN_64_TO_32_BIT_CONVERSION = YES;
				GCC_WARN_ABOUT_RETURN_TYPE = YES_ERROR;
				GCC_WARN_UNDECLARED_SELECTOR = YES;
				GCC_WARN_UNINITIALIZED_AUTOS = YES_AGGRESSIVE;
				GCC_WARN_UNUSED_FUNCTION = YES;
				GCC_WARN_UNUSED_VARIABLE = YES;
				IPHONEOS_DEPLOYMENT_TARGET = 11.2;
				MTL_ENABLE_DEBUG_INFO = NO;
				SDKROOT = iphoneos;
				SWIFT_OPTIMIZATION_LEVEL = "-Owholemodule";
				VALIDATE_PRODUCT = YES;
			};
			name = Release;
		};
		E5E59C401FD8F9C400647A01 /* Debug */ = {
			isa = XCBuildConfiguration;
			buildSettings = {
				ASSETCATALOG_COMPILER_APPICON_NAME = AppIcon;
				CODE_SIGN_STYLE = Automatic;
				DEVELOPMENT_TEAM = 4U93FK3NRW;
				INFOPLIST_FILE = CoderSwag/Info.plist;
				LD_RUNPATH_SEARCH_PATHS = "$(inherited) @executable_path/Frameworks";
				PRODUCT_BUNDLE_IDENTIFIER = com.yyh.CoderSwag;
				PRODUCT_NAME = "$(TARGET_NAME)";
				SWIFT_VERSION = 4.0;
				TARGETED_DEVICE_FAMILY = "1,2";
			};
			name = Debug;
		};
		E5E59C411FD8F9C400647A01 /* Release */ = {
			isa = XCBuildConfiguration;
			buildSettings = {
				ASSETCATALOG_COMPILER_APPICON_NAME = AppIcon;
				CODE_SIGN_STYLE = Automatic;
				DEVELOPMENT_TEAM = 4U93FK3NRW;
				INFOPLIST_FILE = CoderSwag/Info.plist;
				LD_RUNPATH_SEARCH_PATHS = "$(inherited) @executable_path/Frameworks";
				PRODUCT_BUNDLE_IDENTIFIER = com.yyh.CoderSwag;
				PRODUCT_NAME = "$(TARGET_NAME)";
				SWIFT_VERSION = 4.0;
				TARGETED_DEVICE_FAMILY = "1,2";
			};
			name = Release;
		};
/* End XCBuildConfiguration section */

/* Begin XCConfigurationList section */
		E5E59C281FD8F9C400647A01 /* Build configuration list for PBXProject "CoderSwag" */ = {
			isa = XCConfigurationList;
			buildConfigurations = (
				E5E59C3D1FD8F9C400647A01 /* Debug */,
				E5E59C3E1FD8F9C400647A01 /* Release */,
			);
			defaultConfigurationIsVisible = 0;
			defaultConfigurationName = Release;
		};
		E5E59C3F1FD8F9C400647A01 /* Build configuration list for PBXNativeTarget "CoderSwag" */ = {
			isa = XCConfigurationList;
			buildConfigurations = (
				E5E59C401FD8F9C400647A01 /* Debug */,
				E5E59C411FD8F9C400647A01 /* Release */,
			);
			defaultConfigurationIsVisible = 0;
			defaultConfigurationName = Release;
		};
/* End XCConfigurationList section */
	};
	rootObject = E5E59C251FD8F9C400647A01 /* Project object */;
}
